{
  "name": "validall",
  "version": "3.0.11",
  "lockfileVersion": 1,
  "requires": true,
  "dependencies": {
    "@types/node": {
      "version": "10.12.30",
      "resolved": "https://registry.npmjs.org/@types/node/-/node-10.12.30.tgz",
      "integrity": "sha512-nsqTN6zUcm9xtdJiM9OvOJ5EF0kOI8f1Zuug27O/rgtxCRJHGqncSWfCMZUP852dCKPsDsYXGvBhxfRjDBkF5Q=="
    },
    "tools-box": {
      "version": "0.1.23",
      "resolved": "https://registry.npmjs.org/tools-box/-/tools-box-0.1.23.tgz",
      "integrity": "sha512-tUKvom8cvxy7ciKNdgEmJssHMXUCFc+ts/HEkxC/Ta674u5c8cO68HDcZAYKgEZD84Ii/5W0HWu/QVQJ5agLoQ==",
      "requires": {
        "@types/node": "^10.5.1"
      }
    },
    "typescript": {
      "version": "3.1.6",
      "resolved": "https://registry.npmjs.org/typescript/-/typescript-3.1.6.tgz",
      "integrity": "sha512-tDMYfVtvpb96msS1lDX9MEdHrW4yOuZ4Kdc4Him9oU796XldPYF/t2+uKoX0BBa0hXXwDlqYQbXY5Rzjzc5hBA==",
      "dev": true
    }
  }
}
