{
  "name": "@pestras/validall",
  "version": "1.0.0",
  "lockfileVersion": 1,
  "requires": true,
  "dependencies": {
    "@pestras/toolbox": {
      "version": "1.0.4",
      "resolved": "https://registry.npmjs.org/@pestras/toolbox/-/toolbox-1.0.4.tgz",
      "integrity": "sha512-sBygV4i4Ou6fo0nL+0KmmNmLGdBytREU65myKdRedjn0ksvPpBoF+Y+pXDLGfswvHa0Px1LOIU13q01nC/Hs2Q=="
    },
    "@types/node": {
      "version": "14.0.1",
      "resolved": "https://registry.npmjs.org/@types/node/-/node-14.0.1.tgz",
      "integrity": "sha512-FAYBGwC+W6F9+huFIDtn43cpy7+SzG+atzRiTfdp3inUKL2hXnd4rG8hylJLIh4+hqrQy1P17kvJByE/z825hA==",
      "dev": true
    }
  }
}
