{
  "name": "validall",
  "version": "3.0.13",
  "lockfileVersion": 1,
  "requires": true,
  "dependencies": {
    "@types/node": {
      "version": "10.14.1",
      "resolved": "https://registry.npmjs.org/@types/node/-/node-10.14.1.tgz",
      "integrity": "sha512-Rymt08vh1GaW4vYB6QP61/5m/CFLGnFZP++bJpWbiNxceNa6RBipDmb413jvtSf/R1gg5a/jQVl2jY4XVRscEA=="
    },
    "tools-box": {
      "version": "0.1.25",
      "resolved": "https://registry.npmjs.org/tools-box/-/tools-box-0.1.25.tgz",
      "integrity": "sha512-fFYpsBoXPkp+ti0EkAAtmgu9DBDyxdPjzx2tCFJjQUJijZZ/UuWeiSs7hagsjTwnv75Xw9Bv3qM2iJtCOOhyXA==",
      "requires": {
        "@types/node": "^10.5.1"
      }
    },
    "typescript": {
      "version": "3.1.6",
      "resolved": "https://registry.npmjs.org/typescript/-/typescript-3.1.6.tgz",
      "integrity": "sha512-tDMYfVtvpb96msS1lDX9MEdHrW4yOuZ4Kdc4Him9oU796XldPYF/t2+uKoX0BBa0hXXwDlqYQbXY5Rzjzc5hBA==",
      "dev": true
    }
  }
}
